
Microsoft Visual Studio Solution File, Format Version 12.00
# Visual Studio Version 16
VisualStudioVersion = 16.0.31205.134
MinimumVisualStudioVersion = 10.0.40219.1
Project("{FAE04EC0-301F-11D3-BF4B-00C04F79EFBC}") = "AdvancedTopics", "AdvancedTopics.csproj", "{04D5A611-F634-4A04-94EE-3930DB9CC183}"
EndProject
Global
	GlobalSection(SolutionConfigurationPlatforms) = preSolution
		Debug|Any CPU = Debug|Any CPU
		Release|Any CPU = Release|Any CPU
	EndGlobalSection
	GlobalSection(ProjectConfigurationPlatforms) = postSolution
		{04D5A611-F634-4A04-94EE-3930DB9CC183}.Debug|Any CPU.ActiveCfg = Debug|Any CPU
		{04D5A611-F634-4A04-94EE-3930DB9CC183}.Debug|Any CPU.Build.0 = Debug|Any CPU
		{04D5A611-F634-4A04-94EE-3930DB9CC183}.Release|Any CPU.ActiveCfg = Release|Any CPU
		{04D5A611-F634-4A04-94EE-3930DB9CC183}.Release|Any CPU.Build.0 = Release|Any CPU
	EndGlobalSection
	GlobalSection(SolutionProperties) = preSolution
		HideSolutionNode = FALSE
	EndGlobalSection
	GlobalSection(ExtensibilityGlobals) = postSolution
		SolutionGuid = {C5480410-AF69-4109-9D3C-8CAC1896CBF4}
	EndGlobalSection
EndGlobal
